Microsoft Visual Studio Solution File, Format Version 12.00
# Visual Studio Version 17
VisualStudioVersion = 17.5.2.0
MinimumVisualStudioVersion = 10.0.40219.1
Project("{FAE04EC0-301F-11D3-BF4B-00C04F79EFBC}") = "CourseBookingAppBackend", "CourseBookingAppBackend.csproj", "{061B1406-EF9B-ECDC-B4F5-6516B4C79940}"
EndProject
Global
	GlobalSection(SolutionConfigurationPlatforms) = preSolution
		Debug|Any CPU = Debug|Any CPU
		Release|Any CPU = Release|Any CPU
	EndGlobalSection
	GlobalSection(ProjectConfigurationPlatforms) = postSolution
		{061B1406-EF9B-ECDC-B4F5-6516B4C79940}.Debug|Any CPU.ActiveCfg = Debug|Any CPU
		{061B1406-EF9B-ECDC-B4F5-6516B4C79940}.Debug|Any CPU.Build.0 = Debug|Any CPU
		{061B1406-EF9B-ECDC-B4F5-6516B4C79940}.Release|Any CPU.ActiveCfg = Release|Any CPU
		{061B1406-EF9B-ECDC-B4F5-6516B4C79940}.Release|Any CPU.Build.0 = Release|Any CPU
	EndGlobalSection
	GlobalSection(SolutionProperties) = preSolution
		HideSolutionNode = FALSE
	EndGlobalSection
	GlobalSection(ExtensibilityGlobals) = postSolution
		SolutionGuid = {6F6502C5-5198-4CEC-B111-631C07B84609}
	EndGlobalSection
EndGlobal
